// !$*UTF8*$!
{
	archiveVersion = 1;
	classes = {
	};
	objectVersion = 55;
	objects = {

/* Begin PBXBuildFile section */
		3AE4611F27FC91B70005D685 /* Music_Search_AppApp.swift in Sources */ = {isa = PBXBuildFile; fileRef = 3AE4611E27FC91B70005D685 /* Music_Search_AppApp.swift */; };
		3AE4612127FC91B70005D685 /* ContentView.swift in Sources */ = {isa = PBXBuildFile; fileRef = 3AE4612027FC91B70005D685 /* ContentView.swift */; };
		3AE4612327FC91B80005D685 /* Assets.xcassets in Resources */ = {isa = PBXBuildFile; fileRef = 3AE4612227FC91B80005D685 /* Assets.xcassets */; };
		3AE4612627FC91B80005D685 /* Preview Assets.xcassets in Resources */ = {isa = PBXBuildFile; fileRef = 3AE4612527FC91B80005D685 /* Preview Assets.xcassets */; };
		3AE4613027FC91B80005D685 /* Music_Search_AppTests.swift in Sources */ = {isa = PBXBuildFile; fileRef = 3AE4612F27FC91B80005D685 /* Music_Search_AppTests.swift */; };
		3AE4613A27FC91B80005D685 /* Music_Search_AppUITests.swift in Sources */ = {isa = PBXBuildFile; fileRef = 3AE4613927FC91B80005D685 /* Music_Search_AppUITests.swift */; };
		3AE4613C27FC91B80005D685 /* Music_Search_AppUITestsLaunchTests.swift in Sources */ = {isa = PBXBuildFile; fileRef = 3AE4613B27FC91B80005D685 /* Music_Search_AppUITestsLaunchTests.swift */; };
/* End PBXBuildFile section */

/* Begin PBXContainerItemProxy section */
		3AE4612C27FC91B80005D685 /* PBXContainerItemProxy */ = {
			isa = PBXContainerItemProxy;
			containerPortal = 3AE4611327FC91B70005D685 /* Project object */;
			proxyType = 1;
			remoteGlobalIDString = 3AE4611A27FC91B70005D685;
			remoteInfo = "Music Search App";
		};
		3AE4613627FC91B80005D685 /* PBXContainerItemProxy */ = {
			isa = PBXContainerItemProxy;
			containerPortal = 3AE4611327FC91B70005D685 /* Project object */;
			proxyType = 1;
			remoteGlobalIDString = 3AE4611A27FC91B70005D685;
			remoteInfo = "Music Search App";
		};
/* End PBXContainerItemProxy section */

/* Begin PBXFileReference section */
		3AE4611B27FC91B70005D685 /* Music Search App.app */ = {isa = PBXFileReference; explicitFileType = wrapper.application; includeInIndex = 0; path = "Music Search App.app"; sourceTree = BUILT_PRODUCTS_DIR; };
		3AE4611E27FC91B70005D685 /* Music_Search_AppApp.swift */ = {isa = PBXFileReference; lastKnownFileType = sourcecode.swift; path = Music_Search_AppApp.swift; sourceTree = "<group>"; };
		3AE4612027FC91B70005D685 /* ContentView.swift */ = {isa = PBXFileReference; lastKnownFileType = sourcecode.swift; path = ContentView.swift; sourceTree = "<group>"; };
		3AE4612227FC91B80005D685 /* Assets.xcassets */ = {isa = PBXFileReference; lastKnownFileType = folder.assetcatalog; path = Assets.xcassets; sourceTree = "<group>"; };
		3AE4612527FC91B80005D685 /* Preview Assets.xcassets */ = {isa = PBXFileReference; lastKnownFileType = folder.assetcatalog; path = "Preview Assets.xcassets"; sourceTree = "<group>"; };
		3AE4612B27FC91B80005D685 /* Music Search AppTests.xctest */ = {isa = PBXFileReference; explicitFileType = wrapper.cfbundle; includeInIndex = 0; path = "Music Search AppTests.xctest"; sourceTree = BUILT_PRODUCTS_DIR; };
		3AE4612F27FC91B80005D685 /* Music_Search_AppTests.swift */ = {isa = PBXFileReference; lastKnownFileType = sourcecode.swift; path = Music_Search_AppTests.swift; sourceTree = "<group>"; };
		3AE4613527FC91B80005D685 /* Music Search AppUITests.xctest */ = {isa = PBXFileReference; explicitFileType = wrapper.cfbundle; includeInIndex = 0; path = "Music Search AppUITests.xctest"; sourceTree = BUILT_PRODUCTS_DIR; };
		3AE4613927FC91B80005D685 /* Music_Search_AppUITests.swift */ = {isa = PBXFileReference; lastKnownFileType = sourcecode.swift; path = Music_Search_AppUITests.swift; sourceTree = "<group>"; };
		3AE4613B27FC91B80005D685 /* Music_Search_AppUITestsLaunchTests.swift */ = {isa = PBXFileReference; lastKnownFileType = sourcecode.swift; path = Music_Search_AppUITestsLaunchTests.swift; sourceTree = "<group>"; };
/* End PBXFileReference section */

/* Begin PBXFrameworksBuildPhase section */
		3AE4611827FC91B70005D685 /* Frameworks */ = {
			isa = PBXFrameworksBuildPhase;
			buildActionMask = 2147483647;
			files = (
			);
			runOnlyForDeploymentPostprocessing = 0;
		};
		3AE4612827FC91B80005D685 /* Frameworks */ = {
			isa = PBXFrameworksBuildPhase;
			buildActionMask = 2147483647;
			files = (
			);
			runOnlyForDeploymentPostprocessing = 0;
		};
		3AE4613227FC91B80005D685 /* Frameworks */ = {
			isa = PBXFrameworksBuildPhase;
			buildActionMask = 2147483647;
			files = (
			);
			runOnlyForDeploymentPostprocessing = 0;
		};
/* End PBXFrameworksBuildPhase section */

/* Begin PBXGroup section */
		3AE4611227FC91B70005D685 = {
			isa = PBXGroup;
			children = (
				3AE4611D27FC91B70005D685 /* Music Search App */,
				3AE4612E27FC91B80005D685 /* Music Search AppTests */,
				3AE4613827FC91B80005D685 /* Music Search AppUITests */,
				3AE4611C27FC91B70005D685 /* Products */,
			);
			sourceTree = "<group>";
		};
		3AE4611C27FC91B70005D685 /* Products */ = {
			isa = PBXGroup;
			children = (
				3AE4611B27FC91B70005D685 /* Music Search App.app */,
				3AE4612B27FC91B80005D685 /* Music Search AppTests.xctest */,
				3AE4613527FC91B80005D685 /* Music Search AppUITests.xctest */,
			);
			name = Products;
			sourceTree = "<group>";
		};
		3AE4611D27FC91B70005D685 /* Music Search App */ = {
			isa = PBXGroup;
			children = (
				3AE4611E27FC91B70005D685 /* Music_Search_AppApp.swift */,
				3AE4612027FC91B70005D685 /* ContentView.swift */,
				3AE4612227FC91B80005D685 /* Assets.xcassets */,
				3AE4612427FC91B80005D685 /* Preview Content */,
			);
			path = "Music Search App";
			sourceTree = "<group>";
		};
		3AE4612427FC91B80005D685 /* Preview Content */ = {
			isa = PBXGroup;
			children = (
				3AE4612527FC91B80005D685 /* Preview Assets.xcassets */,
			);
			path = "Preview Content";
			sourceTree = "<group>";
		};
		3AE4612E27FC91B80005D685 /* Music Search AppTests */ = {
			isa = PBXGroup;
			children = (
				3AE4612F27FC91B80005D685 /* Music_Search_AppTests.swift */,
			);
			path = "Music Search AppTests";
			sourceTree = "<group>";
		};
		3AE4613827FC91B80005D685 /* Music Search AppUITests */ = {
			isa = PBXGroup;
			children = (
				3AE4613927FC91B80005D685 /* Music_Search_AppUITests.swift */,
				3AE4613B27FC91B80005D685 /* Music_Search_AppUITestsLaunchTests.swift */,
			);
			path = "Music Search AppUITests";
			sourceTree = "<group>";
		};
/* End PBXGroup section */

/* Begin PBXNativeTarget section */
		3AE4611A27FC91B70005D685 /* Music Search App */ = {
			isa = PBXNativeTarget;
			buildConfigurationList = 3AE4613F27FC91B80005D685 /* Build configuration list for PBXNativeTarget "Music Search App" */;
			buildPhases = (
				3AE4611727FC91B70005D685 /* Sources */,
				3AE4611827FC91B70005D685 /* Frameworks */,
				3AE4611927FC91B70005D685 /* Resources */,
			);
			buildRules = (
			);
			dependencies = (
			);
			name = "Music Search App";
			productName = "Music Search App";
			productReference = 3AE4611B27FC91B70005D685 /* Music Search App.app */;
			productType = "com.apple.product-type.application";
		};
		3AE4612A27FC91B80005D685 /* Music Search AppTests */ = {
			isa = PBXNativeTarget;
			buildConfigurationList = 3AE4614227FC91B80005D685 /* Build configuration list for PBXNativeTarget "Music Search AppTests" */;
			buildPhases = (
				3AE4612727FC91B80005D685 /* Sources */,
				3AE4612827FC91B80005D685 /* Frameworks */,
				3AE4612927FC91B80005D685 /* Resources */,
			);
			buildRules = (
			);
			dependencies = (
				3AE4612D27FC91B80005D685 /* PBXTargetDependency */,
			);
			name = "Music Search AppTests";
			productName = "Music Search AppTests";
			productReference = 3AE4612B27FC91B80005D685 /* Music Search AppTests.xctest */;
			productType = "com.apple.product-type.bundle.unit-test";
		};
		3AE4613427FC91B80005D685 /* Music Search AppUITests */ = {
			isa = PBXNativeTarget;
			buildConfigurationList = 3AE4614527FC91B80005D685 /* Build configuration list for PBXNativeTarget "Music Search AppUITests" */;
			buildPhases = (
				3AE4613127FC91B80005D685 /* Sources */,
				3AE4613227FC91B80005D685 /* Frameworks */,
				3AE4613327FC91B80005D685 /* Resources */,
			);
			buildRules = (
			);
			dependencies = (
				3AE4613727FC91B80005D685 /* PBXTargetDependency */,
			);
			name = "Music Search AppUITests";
			productName = "Music Search AppUITests";
			productReference = 3AE4613527FC91B80005D685 /* Music Search AppUITests.xctest */;
			productType = "com.apple.product-type.bundle.ui-testing";
		};
/* End PBXNativeTarget section */

/* Begin PBXProject section */
		3AE4611327FC91B70005D685 /* Project object */ = {
			isa = PBXProject;
			attributes = {
				BuildIndependentTargetsInParallel = 1;
				LastSwiftUpdateCheck = 1330;
				LastUpgradeCheck = 1330;
				TargetAttributes = {
					3AE4611A27FC91B70005D685 = {
						CreatedOnToolsVersion = 13.3;
					};
					3AE4612A27FC91B80005D685 = {
						CreatedOnToolsVersion = 13.3;
						TestTargetID = 3AE4611A27FC91B70005D685;
					};
					3AE4613427FC91B80005D685 = {
						CreatedOnToolsVersion = 13.3;
						TestTargetID = 3AE4611A27FC91B70005D685;
					};
				};
			};
			buildConfigurationList = 3AE4611627FC91B70005D685 /* Build configuration list for PBXProject "Music Search App" */;
			compatibilityVersion = "Xcode 13.0";
			developmentRegion = en;
			hasScannedForEncodings = 0;
			knownRegions = (
				en,
				Base,
			);
			mainGroup = 3AE4611227FC91B70005D685;
			productRefGroup = 3AE4611C27FC91B70005D685 /* Products */;
			projectDirPath = "";
			projectRoot = "";
			targets = (
				3AE4611A27FC91B70005D685 /* Music Search App */,
				3AE4612A27FC91B80005D685 /* Music Search AppTests */,
				3AE4613427FC91B80005D685 /* Music Search AppUITests */,
			);
		};
/* End PBXProject section */

/* Begin PBXResourcesBuildPhase section */
		3AE4611927FC91B70005D685 /* Resources */ = {
			isa = PBXResourcesBuildPhase;
			buildActionMask = 2147483647;
			files = (
				3AE4612627FC91B80005D685 /* Preview Assets.xcassets in Resources */,
				3AE4612327FC91B80005D685 /* Assets.xcassets in Resources */,
			);
			runOnlyForDeploymentPostprocessing = 0;
		};
		3AE4612927FC91B80005D685 /* Resources */ = {
			isa = PBXResourcesBuildPhase;
			buildActionMask = 2147483647;
			files = (
			);
			runOnlyForDeploymentPostprocessing = 0;
		};
		3AE4613327FC91B80005D685 /* Resources */ = {
			isa = PBXResourcesBuildPhase;
			buildActionMask = 2147483647;
			files = (
			);
			runOnlyForDeploymentPostprocessing = 0;
		};
/* End PBXResourcesBuildPhase section */

/* Begin PBXSourcesBuildPhase section */
		3AE4611727FC91B70005D685 /* Sources */ = {
			isa = PBXSourcesBuildPhase;
			buildActionMask = 2147483647;
			files = (
				3AE4612127FC91B70005D685 /* ContentView.swift in Sources */,
				3AE4611F27FC91B70005D685 /* Music_Search_AppApp.swift in Sources */,
			);
			runOnlyForDeploymentPostprocessing = 0;
		};
		3AE4612727FC91B80005D685 /* Sources */ = {
			isa = PBXSourcesBuildPhase;
			buildActionMask = 2147483647;
			files = (
				3AE4613027FC91B80005D685 /* Music_Search_AppTests.swift in Sources */,
			);
			runOnlyForDeploymentPostprocessing = 0;
		};
		3AE4613127FC91B80005D685 /* Sources */ = {
			isa = PBXSourcesBuildPhase;
			buildActionMask = 2147483647;
			files = (
				3AE4613C27FC91B80005D685 /* Music_Search_AppUITestsLaunchTests.swift in Sources */,
				3AE4613A27FC91B80005D685 /* Music_Search_AppUITests.swift in Sources */,
			);
			runOnlyForDeploymentPostprocessing = 0;
		};
/* End PBXSourcesBuildPhase section */

/* Begin PBXTargetDependency section */
		3AE4612D27FC91B80005D685 /* PBXTargetDependency */ = {
			isa = PBXTargetDependency;
			target = 3AE4611A27FC91B70005D685 /* Music Search App */;
			targetProxy = 3AE4612C27FC91B80005D685 /* PBXContainerItemProxy */;
		};
		3AE4613727FC91B80005D685 /* PBXTargetDependency */ = {
			isa = PBXTargetDependency;
			target = 3AE4611A27FC91B70005D685 /* Music Search App */;
			targetProxy = 3AE4613627FC91B80005D685 /* PBXContainerItemProxy */;
		};
/* End PBXTargetDependency section */

/* Begin XCBuildConfiguration section */
		3AE4613D27FC91B80005D685 /* Debug */ = {
			isa = XCBuildConfiguration;
			buildSettings = {
				ALWAYS_SEARCH_USER_PATHS = NO;
				CLANG_ANALYZER_NONNULL = YES;
				CLANG_ANALYZER_NUMBER_OBJECT_CONVERSION = YES_AGGRESSIVE;
				CLANG_CXX_LANGUAGE_STANDARD = "gnu++17";
				CLANG_ENABLE_MODULES = YES;
				CLANG_ENABLE_OBJC_ARC = YES;
				CLANG_ENABLE_OBJC_WEAK = YES;
				CLANG_WARN_BLOCK_CAPTURE_AUTORELEASING = YES;
				CLANG_WARN_BOOL_CONVERSION = YES;
				CLANG_WARN_COMMA = YES;
				CLANG_WARN_CONSTANT_CONVERSION = YES;
				CLANG_WARN_DEPRECATED_OBJC_IMPLEMENTATIONS = YES;
				CLANG_WARN_DIRECT_OBJC_ISA_USAGE = YES_ERROR;
				CLANG_WARN_DOCUMENTATION_COMMENTS = YES;
				CLANG_WARN_EMPTY_BODY = YES;
				CLANG_WARN_ENUM_CONVERSION = YES;
				CLANG_WARN_INFINITE_RECURSION = YES;
				CLANG_WARN_INT_CONVERSION = YES;
				CLANG_WARN_NON_LITERAL_NULL_CONVERSION = YES;
				CLANG_WARN_OBJC_IMPLICIT_RETAIN_SELF = YES;
				CLANG_WARN_OBJC_LITERAL_CONVERSION = YES;
				CLANG_WARN_OBJC_ROOT_CLASS = YES_ERROR;
				CLANG_WARN_QUOTED_INCLUDE_IN_FRAMEWORK_HEADER = YES;
				CLANG_WARN_RANGE_LOOP_ANALYSIS = YES;
				CLANG_WARN_STRICT_PROTOTYPES = YES;
				CLANG_WARN_SUSPICIOUS_MOVE = YES;
				CLANG_WARN_UNGUARDED_AVAILABILITY = YES_AGGRESSIVE;
				CLANG_WARN_UNREACHABLE_CODE = YES;
				CLANG_WARN__DUPLICATE_METHOD_MATCH = YES;
				COPY_PHASE_STRIP = NO;
				DEBUG_INFORMATION_FORMAT = dwarf;
				ENABLE_STRICT_OBJC_MSGSEND = YES;
				ENABLE_TESTABILITY = YES;
				GCC_C_LANGUAGE_STANDARD = gnu11;
				GCC_DYNAMIC_NO_PIC = NO;
				GCC_NO_COMMON_BLOCKS = YES;
				GCC_OPTIMIZATION_LEVEL = 0;
				GCC_PREPROCESSOR_DEFINITIONS = (
					"DEBUG=1",
					"$(inherited)",
				);
				GCC_WARN_64_TO_32_BIT_CONVERSION = YES;
				GCC_WARN_ABOUT_RETURN_TYPE = YES_ERROR;
				GCC_WARN_UNDECLARED_SELECTOR = YES;
				GCC_WARN_UNINITIALIZED_AUTOS = YES_AGGRESSIVE;
				GCC_WARN_UNUSED_FUNCTION = YES;
				GCC_WARN_UNUSED_VARIABLE = YES;
				IPHONEOS_DEPLOYMENT_TARGET = 15.4;
				MTL_ENABLE_DEBUG_INFO = INCLUDE_SOURCE;
				MTL_FAST_MATH = YES;
				ONLY_ACTIVE_ARCH = YES;
				SDKROOT = iphoneos;
				SWIFT_ACTIVE_COMPILATION_CONDITIONS = DEBUG;
				SWIFT_OPTIMIZATION_LEVEL = "-Onone";
			};
			name = Debug;
		};
		3AE4613E27FC91B80005D685 /* Release */ = {
			isa = XCBuildConfiguration;
			buildSettings = {
				ALWAYS_SEARCH_USER_PATHS = NO;
				CLANG_ANALYZER_NONNULL = YES;
				CLANG_ANALYZER_NUMBER_OBJECT_CONVERSION = YES_AGGRESSIVE;
				CLANG_CXX_LANGUAGE_STANDARD = "gnu++17";
				CLANG_ENABLE_MODULES = YES;
				CLANG_ENABLE_OBJC_ARC = YES;
				CLANG_ENABLE_OBJC_WEAK = YES;
				CLANG_WARN_BLOCK_CAPTURE_AUTORELEASING = YES;
				CLANG_WARN_BOOL_CONVERSION = YES;
				CLANG_WARN_COMMA = YES;
				CLANG_WARN_CONSTANT_CONVERSION = YES;
				CLANG_WARN_DEPRECATED_OBJC_IMPLEMENTATIONS = YES;
				CLANG_WARN_DIRECT_OBJC_ISA_USAGE = YES_ERROR;
				CLANG_WARN_DOCUMENTATION_COMMENTS = YES;
				CLANG_WARN_EMPTY_BODY = YES;
				CLANG_WARN_ENUM_CONVERSION = YES;
				CLANG_WARN_INFINITE_RECURSION = YES;
				CLANG_WARN_INT_CONVERSION = YES;
				CLANG_WARN_NON_LITERAL_NULL_CONVERSION = YES;
				CLANG_WARN_OBJC_IMPLICIT_RETAIN_SELF = YES;
				CLANG_WARN_OBJC_LITERAL_CONVERSION = YES;
				CLANG_WARN_OBJC_ROOT_CLASS = YES_ERROR;
				CLANG_WARN_QUOTED_INCLUDE_IN_FRAMEWORK_HEADER = YES;
				CLANG_WARN_RANGE_LOOP_ANALYSIS = YES;
				CLANG_WARN_STRICT_PROTOTYPES = YES;
				CLANG_WARN_SUSPICIOUS_MOVE = YES;
				CLANG_WARN_UNGUARDED_AVAILABILITY = YES_AGGRESSIVE;
				CLANG_WARN_UNREACHABLE_CODE = YES;
				CLANG_WARN__DUPLICATE_METHOD_MATCH = YES;
				COPY_PHASE_STRIP = NO;
				DEBUG_INFORMATION_FORMAT = "dwarf-with-dsym";
				ENABLE_NS_ASSERTIONS = NO;
				ENABLE_STRICT_OBJC_MSGSEND = YES;
				GCC_C_LANGUAGE_STANDARD = gnu11;
				GCC_NO_COMMON_BLOCKS = YES;
				GCC_WARN_64_TO_32_BIT_CONVERSION = YES;
				GCC_WARN_ABOUT_RETURN_TYPE = YES_ERROR;
				GCC_WARN_UNDECLARED_SELECTOR = YES;
				GCC_WARN_UNINITIALIZED_AUTOS = YES_AGGRESSIVE;
				GCC_WARN_UNUSED_FUNCTION = YES;
				GCC_WARN_UNUSED_VARIABLE = YES;
				IPHONEOS_DEPLOYMENT_TARGET = 15.4;
				MTL_ENABLE_DEBUG_INFO = NO;
				MTL_FAST_MATH = YES;
				SDKROOT = iphoneos;
				SWIFT_COMPILATION_MODE = wholemodule;
				SWIFT_OPTIMIZATION_LEVEL = "-O";
				VALIDATE_PRODUCT = YES;
			};
			name = Release;
		};
		3AE4614027FC91B80005D685 /* Debug */ = {
			isa = XCBuildConfiguration;
			buildSettings = {
				ASSETCATALOG_COMPILER_APPICON_NAME = AppIcon;
				ASSETCATALOG_COMPILER_GLOBAL_ACCENT_COLOR_NAME = AccentColor;
				CODE_SIGN_STYLE = Automatic;
				CURRENT_PROJECT_VERSION = 1;
				DEVELOPMENT_ASSET_PATHS = "\"Music Search App/Preview Content\"";
				DEVELOPMENT_TEAM = 3L6HYU857W;
				ENABLE_PREVIEWS = YES;
				GENERATE_INFOPLIST_FILE = YES;
				INFOPLIST_KEY_UIApplicationSceneManifest_Generation = YES;
				INFOPLIST_KEY_UIApplicationSupportsIndirectInputEvents = YES;
				INFOPLIST_KEY_UILaunchScreen_Generation = YES;
				INFOPLIST_KEY_UISupportedInterfaceOrientations_iPad = "UIInterfaceOrientationPortrait UIInterfaceOrientationPortraitUpsideDown UIInterfaceOrientationLandscapeLeft UIInterfaceOrientationLandscapeRight";
				INFOPLIST_KEY_UISupportedInterfaceOrientations_iPhone = "UIInterfaceOrientationPortrait UIInterfaceOrientationLandscapeLeft UIInterfaceOrientationLandscapeRight";
				LD_RUNPATH_SEARCH_PATHS = (
					"$(inherited)",
					"@executable_path/Frameworks",
				);
				MARKETING_VERSION = 1.0;
				PRODUCT_BUNDLE_IDENTIFIER = "com.pedrodaspett.Music-Search-App";
				PRODUCT_NAME = "$(TARGET_NAME)";
				SWIFT_EMIT_LOC_STRINGS = YES;
				SWIFT_VERSION = 5.0;
				TARGETED_DEVICE_FAMILY = "1,2";
			};
			name = Debug;
		};
		3AE4614127FC91B80005D685 /* Release */ = {
			isa = XCBuildConfiguration;
			buildSettings = {
				ASSETCATALOG_COMPILER_APPICON_NAME = AppIcon;
				ASSETCATALOG_COMPILER_GLOBAL_ACCENT_COLOR_NAME = AccentColor;
				CODE_SIGN_STYLE = Automatic;
				CURRENT_PROJECT_VERSION = 1;
				DEVELOPMENT_ASSET_PATHS = "\"Music Search App/Preview Content\"";
				DEVELOPMENT_TEAM = 3L6HYU857W;
				ENABLE_PREVIEWS = YES;
				GENERATE_INFOPLIST_FILE = YES;
				INFOPLIST_KEY_UIApplicationSceneManifest_Generation = YES;
				INFOPLIST_KEY_UIApplicationSupportsIndirectInputEvents = YES;
				INFOPLIST_KEY_UILaunchScreen_Generation = YES;
				INFOPLIST_KEY_UISupportedInterfaceOrientations_iPad = "UIInterfaceOrientationPortrait UIInterfaceOrientationPortraitUpsideDown UIInterfaceOrientationLandscapeLeft UIInterfaceOrientationLandscapeRight";
				INFOPLIST_KEY_UISupportedInterfaceOrientations_iPhone = "UIInterfaceOrientationPortrait UIInterfaceOrientationLandscapeLeft UIInterfaceOrientationLandscapeRight";
				LD_RUNPATH_SEARCH_PATHS = (
					"$(inherited)",
					"@executable_path/Frameworks",
				);
				MARKETING_VERSION = 1.0;
				PRODUCT_BUNDLE_IDENTIFIER = "com.pedrodaspett.Music-Search-App";
				PRODUCT_NAME = "$(TARGET_NAME)";
				SWIFT_EMIT_LOC_STRINGS = YES;
				SWIFT_VERSION = 5.0;
				TARGETED_DEVICE_FAMILY = "1,2";
			};
			name = Release;
		};
		3AE4614327FC91B80005D685 /* Debug */ = {
			isa = XCBuildConfiguration;
			buildSettings = {
				ALWAYS_EMBED_SWIFT_STANDARD_LIBRARIES = YES;
				BUNDLE_LOADER = "$(TEST_HOST)";
				CODE_SIGN_STYLE = Automatic;
				CURRENT_PROJECT_VERSION = 1;
				DEVELOPMENT_TEAM = 3L6HYU857W;
				GENERATE_INFOPLIST_FILE = YES;
				IPHONEOS_DEPLOYMENT_TARGET = 15.4;
				MARKETING_VERSION = 1.0;
				PRODUCT_BUNDLE_IDENTIFIER = "com.pedrodaspett.Music-Search-AppTests";
				PRODUCT_NAME = "$(TARGET_NAME)";
				SWIFT_EMIT_LOC_STRINGS = NO;
				SWIFT_VERSION = 5.0;
				TARGETED_DEVICE_FAMILY = "1,2";
				TEST_HOST = "$(BUILT_PRODUCTS_DIR)/Music Search App.app/Music Search App";
			};
			name = Debug;
		};
		3AE4614427FC91B80005D685 /* Release */ = {
			isa = XCBuildConfiguration;
			buildSettings = {
				ALWAYS_EMBED_SWIFT_STANDARD_LIBRARIES = YES;
				BUNDLE_LOADER = "$(TEST_HOST)";
				CODE_SIGN_STYLE = Automatic;
				CURRENT_PROJECT_VERSION = 1;
				DEVELOPMENT_TEAM = 3L6HYU857W;
				GENERATE_INFOPLIST_FILE = YES;
				IPHONEOS_DEPLOYMENT_TARGET = 15.4;
				MARKETING_VERSION = 1.0;
				PRODUCT_BUNDLE_IDENTIFIER = "com.pedrodaspett.Music-Search-AppTests";
				PRODUCT_NAME = "$(TARGET_NAME)";
				SWIFT_EMIT_LOC_STRINGS = NO;
				SWIFT_VERSION = 5.0;
				TARGETED_DEVICE_FAMILY = "1,2";
				TEST_HOST = "$(BUILT_PRODUCTS_DIR)/Music Search App.app/Music Search App";
			};
			name = Release;
		};
		3AE4614627FC91B80005D685 /* Debug */ = {
			isa = XCBuildConfiguration;
			buildSettings = {
				ALWAYS_EMBED_SWIFT_STANDARD_LIBRARIES = YES;
				CODE_SIGN_STYLE = Automatic;
				CURRENT_PROJECT_VERSION = 1;
				DEVELOPMENT_TEAM = 3L6HYU857W;
				GENERATE_INFOPLIST_FILE = YES;
				MARKETING_VERSION = 1.0;
				PRODUCT_BUNDLE_IDENTIFIER = "com.pedrodaspett.Music-Search-AppUITests";
				PRODUCT_NAME = "$(TARGET_NAME)";
				SWIFT_EMIT_LOC_STRINGS = NO;
				SWIFT_VERSION = 5.0;
				TARGETED_DEVICE_FAMILY = "1,2";
				TEST_TARGET_NAME = "Music Search App";
			};
			name = Debug;
		};
		3AE4614727FC91B80005D685 /* Release */ = {
			isa = XCBuildConfiguration;
			buildSettings = {
				ALWAYS_EMBED_SWIFT_STANDARD_LIBRARIES = YES;
				CODE_SIGN_STYLE = Automatic;
				CURRENT_PROJECT_VERSION = 1;
				DEVELOPMENT_TEAM = 3L6HYU857W;
				GENERATE_INFOPLIST_FILE = YES;
				MARKETING_VERSION = 1.0;
				PRODUCT_BUNDLE_IDENTIFIER = "com.pedrodaspett.Music-Search-AppUITests";
				PRODUCT_NAME = "$(TARGET_NAME)";
				SWIFT_EMIT_LOC_STRINGS = NO;
				SWIFT_VERSION = 5.0;
				TARGETED_DEVICE_FAMILY = "1,2";
				TEST_TARGET_NAME = "Music Search App";
			};
			name = Release;
		};
/* End XCBuildConfiguration section */

/* Begin XCConfigurationList section */
		3AE4611627FC91B70005D685 /* Build configuration list for PBXProject "Music Search App" */ = {
			isa = XCConfigurationList;
			buildConfigurations = (
				3AE4613D27FC91B80005D685 /* Debug */,
				3AE4613E27FC91B80005D685 /* Release */,
			);
			defaultConfigurationIsVisible = 0;
			defaultConfigurationName = Release;
		};
		3AE4613F27FC91B80005D685 /* Build configuration list for PBXNativeTarget "Music Search App" */ = {
			isa = XCConfigurationList;
			buildConfigurations = (
				3AE4614027FC91B80005D685 /* Debug */,
				3AE4614127FC91B80005D685 /* Release */,
			);
			defaultConfigurationIsVisible = 0;
			defaultConfigurationName = Release;
		};
		3AE4614227FC91B80005D685 /* Build configuration list for PBXNativeTarget "Music Search AppTests" */ = {
			isa = XCConfigurationList;
			buildConfigurations = (
				3AE4614327FC91B80005D685 /* Debug */,
				3AE4614427FC91B80005D685 /* Release */,
			);
			defaultConfigurationIsVisible = 0;
			defaultConfigurationName = Release;
		};
		3AE4614527FC91B80005D685 /* Build configuration list for PBXNativeTarget "Music Search AppUITests" */ = {
			isa = XCConfigurationList;
			buildConfigurations = (
				3AE4614627FC91B80005D685 /* Debug */,
				3AE4614727FC91B80005D685 /* Release */,
			);
			defaultConfigurationIsVisible = 0;
			defaultConfigurationName = Release;
		};
/* End XCConfigurationList section */
	};
	rootObject = 3AE4611327FC91B70005D685 /* Project object */;
}
